{
  "name": "Pod-Vox",
  "lockfileVersion": 3,
  "requires": true,
  "packages": {
    "": {
      "devDependencies": {
        "@tsconfig/node-lts": "^18.12.4",
        "@types/node": "^20.5.1"
      }
    },
    "node_modules/@tsconfig/node-lts": {
      "version": "18.12.4",
      "resolved": "https://registry.npmjs.org/@tsconfig/node-lts/-/node-lts-18.12.4.tgz",
      "integrity": "sha512-yjhgQkwlIjxDksTSDbFl6fDOekgD0DeHXwfpxEnRY8rwK28UjgMf67b+l8SSVS0sRpOb/xYEKPJ8DpzhgLokZA==",
      "dev": true
    },
    "node_modules/@types/node": {
      "version": "20.5.1",
      "resolved": "https://registry.npmjs.org/@types/node/-/node-20.5.1.tgz",
      "integrity": "sha512-4tT2UrL5LBqDwoed9wZ6N3umC4Yhz3W3FloMmiiG4JwmUJWpie0c7lcnUNd4gtMKuDEO4wRVS8B6Xa0uMRsMKg==",
      "dev": true
    }
  }
}
